
Microsoft Visual Studio Solution File, Format Version 12.00
# Visual Studio Version 17
VisualStudioVersion = 17.1.32328.378
MinimumVisualStudioVersion = 10.0.40219.1
Project("{9A19103F-16F7-4668-BE54-9A1E7A4F7556}") = "MultiPageWebAppDaigh", "MultiPageWebAppDaigh.csproj", "{A33CA539-25A2-41D5-9830-4CCD24F06A1D}"
EndProject
Global
	GlobalSection(SolutionConfigurationPlatforms) = preSolution
		Debug|Any CPU = Debug|Any CPU
		Release|Any CPU = Release|Any CPU
	EndGlobalSection
	GlobalSection(ProjectConfigurationPlatforms) = postSolution
		{A33CA539-25A2-41D5-9830-4CCD24F06A1D}.Debug|Any CPU.ActiveCfg = Debug|Any CPU
		{A33CA539-25A2-41D5-9830-4CCD24F06A1D}.Debug|Any CPU.Build.0 = Debug|Any CPU
		{A33CA539-25A2-41D5-9830-4CCD24F06A1D}.Release|Any CPU.ActiveCfg = Release|Any CPU
		{A33CA539-25A2-41D5-9830-4CCD24F06A1D}.Release|Any CPU.Build.0 = Release|Any CPU
	EndGlobalSection
	GlobalSection(SolutionProperties) = preSolution
		HideSolutionNode = FALSE
	EndGlobalSection
	GlobalSection(ExtensibilityGlobals) = postSolution
		SolutionGuid = {27DDD0A8-C803-44BC-B08F-E3F9B3FEB05C}
	EndGlobalSection
EndGlobal
